
Microsoft Visual Studio Solution File, Format Version 12.00
# Visual Studio Version 17
VisualStudioVersion = 17.4.33205.214
MinimumVisualStudioVersion = 10.0.40219.1
Project("{FAE04EC0-301F-11D3-BF4B-00C04F79EFBC}") = "ConsoleApp1", "ConsoleApp1\ConsoleApp1.csproj", "{380DACDF-1385-4EB6-893B-1F64EE546ADC}"
EndProject
Global
	GlobalSection(SolutionConfigurationPlatforms) = preSolution
		Debug|Any CPU = Debug|Any CPU
		Release|Any CPU = Release|Any CPU
	EndGlobalSection
	GlobalSection(ProjectConfigurationPlatforms) = postSolution
		{380DACDF-1385-4EB6-893B-1F64EE546ADC}.Debug|Any CPU.ActiveCfg = Debug|Any CPU
		{380DACDF-1385-4EB6-893B-1F64EE546ADC}.Debug|Any CPU.Build.0 = Debug|Any CPU
		{380DACDF-1385-4EB6-893B-1F64EE546ADC}.Release|Any CPU.ActiveCfg = Release|Any CPU
		{380DACDF-1385-4EB6-893B-1F64EE546ADC}.Release|Any CPU.Build.0 = Release|Any CPU
	EndGlobalSection
	GlobalSection(SolutionProperties) = preSolution
		HideSolutionNode = FALSE
	EndGlobalSection
	GlobalSection(ExtensibilityGlobals) = postSolution
		SolutionGuid = {155E54EE-FAC7-43B4-B8CF-1F41F8534333}
	EndGlobalSection
EndGlobal
